
Microsoft Visual Studio Solution File, Format Version 12.00
# Visual Studio 15
VisualStudioVersion = 15.0.26124.0
MinimumVisualStudioVersion = 15.0.26124.0
Project("{F2A71F9B-5D33-465A-A702-920D77279786}") = "LNTestFramework", "LNTestFramework\LNTestFramework.fsproj", "{B37DA93E-4E1A-42EE-A2B8-29E38533AD2C}"
EndProject
Project("{FAE04EC0-301F-11D3-BF4B-00C04F79EFBC}") = "LNTestFramework.Tests.CSharp", "LNTestFramework.Tests.CSharp\LNTestFramework.Tests.CSharp.csproj", "{EB871FAD-40A0-4734-A753-DB2661DEC8C0}"
EndProject
Project("{F2A71F9B-5D33-465A-A702-920D77279786}") = "LNTestFramework.Tests.Fsharp", "LNTestFramework.Tests.Fsharp\LNTestFramework.Tests.Fsharp.fsproj", "{9B72A6B4-A837-4A33-A87A-48E4C87DE82E}"
EndProject
Global
	GlobalSection(SolutionConfigurationPlatforms) = preSolution
		Debug|Any CPU = Debug|Any CPU
		Debug|x64 = Debug|x64
		Debug|x86 = Debug|x86
		Release|Any CPU = Release|Any CPU
		Release|x64 = Release|x64
		Release|x86 = Release|x86
	EndGlobalSection
	GlobalSection(SolutionProperties) = preSolution
		HideSolutionNode = FALSE
	EndGlobalSection
	GlobalSection(ProjectConfigurationPlatforms) = postSolution
		{B37DA93E-4E1A-42EE-A2B8-29E38533AD2C}.Debug|Any CPU.ActiveCfg = Debug|Any CPU
		{B37DA93E-4E1A-42EE-A2B8-29E38533AD2C}.Debug|Any CPU.Build.0 = Debug|Any CPU
		{B37DA93E-4E1A-42EE-A2B8-29E38533AD2C}.Debug|x64.ActiveCfg = Debug|Any CPU
		{B37DA93E-4E1A-42EE-A2B8-29E38533AD2C}.Debug|x64.Build.0 = Debug|Any CPU
		{B37DA93E-4E1A-42EE-A2B8-29E38533AD2C}.Debug|x86.ActiveCfg = Debug|Any CPU
		{B37DA93E-4E1A-42EE-A2B8-29E38533AD2C}.Debug|x86.Build.0 = Debug|Any CPU
		{B37DA93E-4E1A-42EE-A2B8-29E38533AD2C}.Release|Any CPU.ActiveCfg = Release|Any CPU
		{B37DA93E-4E1A-42EE-A2B8-29E38533AD2C}.Release|Any CPU.Build.0 = Release|Any CPU
		{B37DA93E-4E1A-42EE-A2B8-29E38533AD2C}.Release|x64.ActiveCfg = Release|Any CPU
		{B37DA93E-4E1A-42EE-A2B8-29E38533AD2C}.Release|x64.Build.0 = Release|Any CPU
		{B37DA93E-4E1A-42EE-A2B8-29E38533AD2C}.Release|x86.ActiveCfg = Release|Any CPU
		{B37DA93E-4E1A-42EE-A2B8-29E38533AD2C}.Release|x86.Build.0 = Release|Any CPU
		{EB871FAD-40A0-4734-A753-DB2661DEC8C0}.Debug|Any CPU.ActiveCfg = Debug|Any CPU
		{EB871FAD-40A0-4734-A753-DB2661DEC8C0}.Debug|Any CPU.Build.0 = Debug|Any CPU
		{EB871FAD-40A0-4734-A753-DB2661DEC8C0}.Debug|x64.ActiveCfg = Debug|Any CPU
		{EB871FAD-40A0-4734-A753-DB2661DEC8C0}.Debug|x64.Build.0 = Debug|Any CPU
		{EB871FAD-40A0-4734-A753-DB2661DEC8C0}.Debug|x86.ActiveCfg = Debug|Any CPU
		{EB871FAD-40A0-4734-A753-DB2661DEC8C0}.Debug|x86.Build.0 = Debug|Any CPU
		{EB871FAD-40A0-4734-A753-DB2661DEC8C0}.Release|Any CPU.ActiveCfg = Release|Any CPU
		{EB871FAD-40A0-4734-A753-DB2661DEC8C0}.Release|Any CPU.Build.0 = Release|Any CPU
		{EB871FAD-40A0-4734-A753-DB2661DEC8C0}.Release|x64.ActiveCfg = Release|Any CPU
		{EB871FAD-40A0-4734-A753-DB2661DEC8C0}.Release|x64.Build.0 = Release|Any CPU
		{EB871FAD-40A0-4734-A753-DB2661DEC8C0}.Release|x86.ActiveCfg = Release|Any CPU
		{EB871FAD-40A0-4734-A753-DB2661DEC8C0}.Release|x86.Build.0 = Release|Any CPU
		{9B72A6B4-A837-4A33-A87A-48E4C87DE82E}.Debug|Any CPU.ActiveCfg = Debug|Any CPU
		{9B72A6B4-A837-4A33-A87A-48E4C87DE82E}.Debug|Any CPU.Build.0 = Debug|Any CPU
		{9B72A6B4-A837-4A33-A87A-48E4C87DE82E}.Debug|x64.ActiveCfg = Debug|Any CPU
		{9B72A6B4-A837-4A33-A87A-48E4C87DE82E}.Debug|x64.Build.0 = Debug|Any CPU
		{9B72A6B4-A837-4A33-A87A-48E4C87DE82E}.Debug|x86.ActiveCfg = Debug|Any CPU
		{9B72A6B4-A837-4A33-A87A-48E4C87DE82E}.Debug|x86.Build.0 = Debug|Any CPU
		{9B72A6B4-A837-4A33-A87A-48E4C87DE82E}.Release|Any CPU.ActiveCfg = Release|Any CPU
		{9B72A6B4-A837-4A33-A87A-48E4C87DE82E}.Release|Any CPU.Build.0 = Release|Any CPU
		{9B72A6B4-A837-4A33-A87A-48E4C87DE82E}.Release|x64.ActiveCfg = Release|Any CPU
		{9B72A6B4-A837-4A33-A87A-48E4C87DE82E}.Release|x64.Build.0 = Release|Any CPU
		{9B72A6B4-A837-4A33-A87A-48E4C87DE82E}.Release|x86.ActiveCfg = Release|Any CPU
		{9B72A6B4-A837-4A33-A87A-48E4C87DE82E}.Release|x86.Build.0 = Release|Any CPU
	EndGlobalSection
EndGlobal
